
Microsoft Visual Studio Solution File, Format Version 12.00
# Visual Studio Version 16
VisualStudioVersion = 16.0.30413.136
MinimumVisualStudioVersion = 10.0.40219.1
Project("{FAE04EC0-301F-11D3-BF4B-00C04F79EFBC}") = "Recipes_FinalProject", "Recipes_FinalProject.csproj", "{16AF2171-0CE8-4DB0-9AFF-975FCE5A18AE}"
EndProject
Global
	GlobalSection(SolutionConfigurationPlatforms) = preSolution
		Debug|Any CPU = Debug|Any CPU
		Release|Any CPU = Release|Any CPU
	EndGlobalSection
	GlobalSection(ProjectConfigurationPlatforms) = postSolution
		{16AF2171-0CE8-4DB0-9AFF-975FCE5A18AE}.Debug|Any CPU.ActiveCfg = Debug|Any CPU
		{16AF2171-0CE8-4DB0-9AFF-975FCE5A18AE}.Debug|Any CPU.Build.0 = Debug|Any CPU
		{16AF2171-0CE8-4DB0-9AFF-975FCE5A18AE}.Release|Any CPU.ActiveCfg = Release|Any CPU
		{16AF2171-0CE8-4DB0-9AFF-975FCE5A18AE}.Release|Any CPU.Build.0 = Release|Any CPU
	EndGlobalSection
	GlobalSection(SolutionProperties) = preSolution
		HideSolutionNode = FALSE
	EndGlobalSection
	GlobalSection(ExtensibilityGlobals) = postSolution
		SolutionGuid = {3938D857-1DF0-441C-A6C8-C63D9654780E}
	EndGlobalSection
EndGlobal
